
Microsoft Visual Studio Solution File, Format Version 12.00
# Visual Studio Version 16
VisualStudioVersion = 16.0.30523.141
MinimumVisualStudioVersion = 10.0.40219.1
Project("{FAE04EC0-301F-11D3-BF4B-00C04F79EFBC}") = "ASP.NET CS RUMTAB", "ASP.NET CS RUMTAB\ASP.NET CS RUMTAB.csproj", "{B57D49E7-2804-4A2A-8378-C3254F43A609}"
EndProject
Global
	GlobalSection(SolutionConfigurationPlatforms) = preSolution
		Debug|Any CPU = Debug|Any CPU
		Release|Any CPU = Release|Any CPU
	EndGlobalSection
	GlobalSection(ProjectConfigurationPlatforms) = postSolution
		{B57D49E7-2804-4A2A-8378-C3254F43A609}.Debug|Any CPU.ActiveCfg = Debug|Any CPU
		{B57D49E7-2804-4A2A-8378-C3254F43A609}.Debug|Any CPU.Build.0 = Debug|Any CPU
		{B57D49E7-2804-4A2A-8378-C3254F43A609}.Release|Any CPU.ActiveCfg = Release|Any CPU
		{B57D49E7-2804-4A2A-8378-C3254F43A609}.Release|Any CPU.Build.0 = Release|Any CPU
	EndGlobalSection
	GlobalSection(SolutionProperties) = preSolution
		HideSolutionNode = FALSE
	EndGlobalSection
	GlobalSection(ExtensibilityGlobals) = postSolution
		SolutionGuid = {9E98B9C6-4132-4768-846D-10E3D2A8DD9F}
	EndGlobalSection
EndGlobal
